{
  "lockfile_version": 1,
  "os": "Windows 11 x64 (build 26200)",
  "r_version": "R version 4.3.1 (2023-06-16 ucrt)",
  "platform": "x86_64-w64-mingw32",
  "packages": [
    {
      "ref": "local::.",
      "package": "malariasimple",
      "version": "0.1.0",
      "type": "local",
      "direct": true,
      "binary": false,
      "dependencies": ["dust2", "statmod", "abind", "dplyr", "reshape2", "cpp11", "monty"],
      "vignettes": false,
      "metadata": {
        "RemotePkgRef": "local::.",
        "RemoteType": "local"
      },
      "sources": ["file://C:\\Users\\Debbie\\malariasimple"],
      "target": "src/contrib/malariasimple_0.1.0.tar.gz",
      "platform": "source",
      "rversion": "*",
      "directpkg": true,
      "license": "MIT + file LICENSE",
      "dep_types": ["Depends", "Imports", "LinkingTo"],
      "params": [],
      "install_args": "--no-multiarch",
      "sysreqs": ""
    },
    {
      "ref": "R6",
      "package": "R6",
      "version": "2.6.1",
      "type": "standard",
      "direct": false,
      "binary": true,
      "dependencies": [],
      "vignettes": false,
      "needscompilation": false,
      "metadata": {
        "RemoteType": "standard",
        "RemotePkgRef": "R6",
        "RemoteRef": "R6",
        "RemoteRepos": "https://cran.rstudio.com/",
        "RemotePkgPlatform": "i386+x86_64-w64-mingw32",
        "RemoteSha": "2.6.1"
      },
      "sources": ["https://cran.rstudio.com//bin/windows/contrib/4.3/R6_2.6.1.zip"],
      "target": "bin/windows/contrib/4.3/R6_2.6.1.zip",
      "platform": "i386+x86_64-w64-mingw32",
      "rversion": "4.3",
      "built": "R 4.3.3; ; 2025-02-17 00:51:51 UTC; windows",
      "directpkg": false,
      "license": "MIT + file LICENSE",
      "sha256": "47ad9c01eddf1d31dcad4f5a40b64451744e725c7f675956fc65c3e355f86121",
      "filesize": 87955,
      "dep_types": ["Depends", "Imports", "LinkingTo"],
      "params": [],
      "install_args": "",
      "repotype": "cran",
      "sysreqs": ""
    },
    {
      "ref": "Rcpp",
      "package": "Rcpp",
      "version": "1.0.14",
      "type": "standard",
      "direct": false,
      "binary": true,
      "dependencies": [],
      "vignettes": false,
      "needscompilation": false,
      "metadata": {
        "RemoteType": "standard",
        "RemotePkgRef": "Rcpp",
        "RemoteRef": "Rcpp",
        "RemoteRepos": "https://cran.rstudio.com/",
        "RemotePkgPlatform": "x86_64-w64-mingw32",
        "RemoteSha": "1.0.14"
      },
      "sources": ["https://cran.rstudio.com//bin/windows/contrib/4.3/Rcpp_1.0.14.zip"],
      "target": "bin/windows/contrib/4.3/Rcpp_1.0.14.zip",
      "platform": "x86_64-w64-mingw32",
      "rversion": "4.3",
      "built": "R 4.3.3; x86_64-w64-mingw32; 2025-01-15 00:51:26 UTC; windows",
      "directpkg": false,
      "license": "GPL (>= 2)",
      "sha256": "323b990cc85d6791ee51a57f631d0831eb8c645a92772929e273dbc52fdac9b0",
      "filesize": 2894244,
      "dep_types": ["Depends", "Imports", "LinkingTo"],
      "params": [],
      "install_args": "",
      "repotype": "cran",
      "sysreqs": ""
    },
    {
      "ref": "abind",
      "package": "abind",
      "version": "1.4-8",
      "type": "standard",
      "direct": false,
      "binary": true,
      "dependencies": [],
      "vignettes": false,
      "needscompilation": false,
      "metadata": {
        "RemoteType": "standard",
        "RemotePkgRef": "abind",
        "RemoteRef": "abind",
        "RemoteRepos": "https://cran.rstudio.com/",
        "RemotePkgPlatform": "i386+x86_64-w64-mingw32",
        "RemoteSha": "1.4-8"
      },
      "sources": ["https://cran.rstudio.com//bin/windows/contrib/4.3/abind_1.4-8.zip"],
      "target": "bin/windows/contrib/4.3/abind_1.4-8.zip",
      "platform": "i386+x86_64-w64-mingw32",
      "rversion": "4.3",
      "built": "R 4.3.3; ; 2024-09-12 23:51:06 UTC; windows",
      "directpkg": false,
      "license": "MIT + file LICENSE",
      "sha256": "5c614317c08f2dccef3cfd28be71622be0b7eaf6ce0648a8adc0ec4ee47af186",
      "filesize": 66526,
      "dep_types": ["Depends", "Imports", "LinkingTo"],
      "params": [],
      "install_args": "",
      "repotype": "cran",
      "sysreqs": ""
    },
    {
      "ref": "cli",
      "package": "cli",
      "version": "3.6.4",
      "type": "standard",
      "direct": false,
      "binary": true,
      "dependencies": [],
      "vignettes": false,
      "needscompilation": false,
      "metadata": {
        "RemoteType": "standard",
        "RemotePkgRef": "cli",
        "RemoteRef": "cli",
        "RemoteRepos": "https://cran.rstudio.com/",
        "RemotePkgPlatform": "x86_64-w64-mingw32",
        "RemoteSha": "3.6.4"
      },
      "sources": ["https://cran.rstudio.com//bin/windows/contrib/4.3/cli_3.6.4.zip"],
      "target": "bin/windows/contrib/4.3/cli_3.6.4.zip",
      "platform": "x86_64-w64-mingw32",
      "rversion": "4.3",
      "built": "R 4.3.3; x86_64-w64-mingw32; 2025-02-14 00:52:45 UTC; windows",
      "directpkg": false,
      "license": "MIT + file LICENSE",
      "sha256": "6807c340832942dd99405e6794e2843d40cb7d4b2169ba0e36fd12635dad07cb",
      "filesize": 1368134,
      "dep_types": ["Depends", "Imports", "LinkingTo"],
      "params": [],
      "install_args": "",
      "repotype": "cran",
      "sysreqs": ""
    },
    {
      "ref": "cpp11",
      "package": "cpp11",
      "version": "0.5.2",
      "type": "standard",
      "direct": false,
      "binary": true,
      "dependencies": [],
      "vignettes": false,
      "needscompilation": false,
      "metadata": {
        "RemoteType": "standard",
        "RemotePkgRef": "cpp11",
        "RemoteRef": "cpp11",
        "RemoteRepos": "https://cran.rstudio.com/",
        "RemotePkgPlatform": "i386+x86_64-w64-mingw32",
        "RemoteSha": "0.5.2"
      },
      "sources": ["https://cran.rstudio.com//bin/windows/contrib/4.3/cpp11_0.5.2.zip"],
      "target": "bin/windows/contrib/4.3/cpp11_0.5.2.zip",
      "platform": "i386+x86_64-w64-mingw32",
      "rversion": "4.3",
      "built": "R 4.3.3; ; 2025-03-07 00:51:23 UTC; windows",
      "directpkg": false,
      "license": "MIT + file LICENSE",
      "sha256": "9977c5d044ffe6e6daec6a91bbc5823ae7e94a5bfeb26961413fae81358933e9",
      "filesize": 310266,
      "dep_types": ["Depends", "Imports", "LinkingTo"],
      "params": [],
      "install_args": "",
      "repotype": "cran",
      "sysreqs": ""
    },
    {
      "ref": "dplyr",
      "package": "dplyr",
      "version": "1.1.4",
      "type": "standard",
      "direct": false,
      "binary": true,
      "dependencies": ["cli", "generics", "glue", "lifecycle", "magrittr", "pillar", "R6", "rlang", "tibble", "tidyselect", "vctrs"],
      "vignettes": false,
      "needscompilation": false,
      "metadata": {
        "RemoteType": "standard",
        "RemotePkgRef": "dplyr",
        "RemoteRef": "dplyr",
        "RemoteRepos": "https://cran.rstudio.com/",
        "RemotePkgPlatform": "x86_64-w64-mingw32",
        "RemoteSha": "1.1.4"
      },
      "sources": ["https://cran.rstudio.com//bin/windows/contrib/4.3/dplyr_1.1.4.zip"],
      "target": "bin/windows/contrib/4.3/dplyr_1.1.4.zip",
      "platform": "x86_64-w64-mingw32",
      "rversion": "4.3",
      "built": "R 4.3.3; x86_64-w64-mingw32; 2024-04-04 02:42:53 UTC; windows",
      "directpkg": false,
      "license": "MIT + file LICENSE",
      "sha256": "e917ed4ec157099a95e69ecd4f573ef742bff3a3c68eb6f971fa1c9e888d179c",
      "filesize": 1560172,
      "dep_types": ["Depends", "Imports", "LinkingTo"],
      "params": [],
      "install_args": "",
      "repotype": "cran",
      "sysreqs": ""
    },
    {
      "ref": "fansi",
      "package": "fansi",
      "version": "1.0.6",
      "type": "standard",
      "direct": false,
      "binary": true,
      "dependencies": [],
      "vignettes": false,
      "needscompilation": false,
      "metadata": {
        "RemoteType": "standard",
        "RemotePkgRef": "fansi",
        "RemoteRef": "fansi",
        "RemoteRepos": "https://cran.rstudio.com/",
        "RemotePkgPlatform": "x86_64-w64-mingw32",
        "RemoteSha": "1.0.6"
      },
      "sources": ["https://cran.rstudio.com//bin/windows/contrib/4.3/fansi_1.0.6.zip"],
      "target": "bin/windows/contrib/4.3/fansi_1.0.6.zip",
      "platform": "x86_64-w64-mingw32",
      "rversion": "4.3",
      "built": "R 4.3.3; x86_64-w64-mingw32; 2024-04-04 01:00:03 UTC; windows",
      "directpkg": false,
      "license": "GPL-2 | GPL-3",
      "sha256": "9542fae3df87c0607b0ceb92967f97b31e4b43839d45b051dedf0c52534bed5a",
      "filesize": 314083,
      "dep_types": ["Depends", "Imports", "LinkingTo"],
      "params": [],
      "install_args": "",
      "repotype": "cran",
      "sysreqs": ""
    },
    {
      "ref": "generics",
      "package": "generics",
      "version": "0.1.3",
      "type": "standard",
      "direct": false,
      "binary": true,
      "dependencies": [],
      "vignettes": false,
      "needscompilation": false,
      "metadata": {
        "RemoteType": "standard",
        "RemotePkgRef": "generics",
        "RemoteRef": "generics",
        "RemoteRepos": "https://cran.rstudio.com/",
        "RemotePkgPlatform": "i386+x86_64-w64-mingw32",
        "RemoteSha": "0.1.3"
      },
      "sources": ["https://cran.rstudio.com//bin/windows/contrib/4.3/generics_0.1.3.zip"],
      "target": "bin/windows/contrib/4.3/generics_0.1.3.zip",
      "platform": "i386+x86_64-w64-mingw32",
      "rversion": "4.3",
      "built": "R 4.3.3; ; 2024-04-04 01:00:06 UTC; windows",
      "directpkg": false,
      "license": "MIT + file LICENSE",
      "sha256": "d76f3dcc6eda45ddb576810a0d0b232cbbdf477dc22d7b4ea04d8b8eaa138c60",
      "filesize": 79764,
      "dep_types": ["Depends", "Imports", "LinkingTo"],
      "params": [],
      "install_args": "",
      "repotype": "cran",
      "sysreqs": ""
    },
    {
      "ref": "glue",
      "package": "glue",
      "version": "1.8.0",
      "type": "standard",
      "direct": false,
      "binary": true,
      "dependencies": [],
      "vignettes": false,
      "needscompilation": false,
      "metadata": {
        "RemoteType": "standard",
        "RemotePkgRef": "glue",
        "RemoteRef": "glue",
        "RemoteRepos": "https://cran.rstudio.com/",
        "RemotePkgPlatform": "x86_64-w64-mingw32",
        "RemoteSha": "1.8.0"
      },
      "sources": ["https://cran.rstudio.com//bin/windows/contrib/4.3/glue_1.8.0.zip"],
      "target": "bin/windows/contrib/4.3/glue_1.8.0.zip",
      "platform": "x86_64-w64-mingw32",
      "rversion": "4.3",
      "built": "R 4.3.3; x86_64-w64-mingw32; 2024-10-01 23:50:54 UTC; windows",
      "directpkg": false,
      "license": "MIT + file LICENSE",
      "sha256": "0d3ff642c7e72654524c5a0f10ad9ccd4afa6736432cc53274f152f9feec83a9",
      "filesize": 181328,
      "dep_types": ["Depends", "Imports", "LinkingTo"],
      "params": [],
      "install_args": "",
      "repotype": "cran",
      "sysreqs": ""
    },
    {
      "ref": "lifecycle",
      "package": "lifecycle",
      "version": "1.0.4",
      "type": "standard",
      "direct": false,
      "binary": true,
      "dependencies": ["cli", "glue", "rlang"],
      "vignettes": false,
      "needscompilation": false,
      "metadata": {
        "RemoteType": "standard",
        "RemotePkgRef": "lifecycle",
        "RemoteRef": "lifecycle",
        "RemoteRepos": "https://cran.rstudio.com/",
        "RemotePkgPlatform": "i386+x86_64-w64-mingw32",
        "RemoteSha": "1.0.4"
      },
      "sources": ["https://cran.rstudio.com//bin/windows/contrib/4.3/lifecycle_1.0.4.zip"],
      "target": "bin/windows/contrib/4.3/lifecycle_1.0.4.zip",
      "platform": "i386+x86_64-w64-mingw32",
      "rversion": "4.3",
      "built": "R 4.3.3; ; 2024-04-04 01:36:13 UTC; windows",
      "directpkg": false,
      "license": "MIT + file LICENSE",
      "sha256": "a7faaaba40de4fe48e978b560c709cab4cb76f1629ccad3fc3efb84e2cf12897",
      "filesize": 139756,
      "dep_types": ["Depends", "Imports", "LinkingTo"],
      "params": [],
      "install_args": "",
      "repotype": "cran",
      "sysreqs": ""
    },
    {
      "ref": "magrittr",
      "package": "magrittr",
      "version": "2.0.3",
      "type": "standard",
      "direct": false,
      "binary": true,
      "dependencies": [],
      "vignettes": false,
      "needscompilation": false,
      "metadata": {
        "RemoteType": "standard",
        "RemotePkgRef": "magrittr",
        "RemoteRef": "magrittr",
        "RemoteRepos": "https://cran.rstudio.com/",
        "RemotePkgPlatform": "x86_64-w64-mingw32",
        "RemoteSha": "2.0.3"
      },
      "sources": ["https://cran.rstudio.com//bin/windows/contrib/4.3/magrittr_2.0.3.zip"],
      "target": "bin/windows/contrib/4.3/magrittr_2.0.3.zip",
      "platform": "x86_64-w64-mingw32",
      "rversion": "4.3",
      "built": "R 4.3.3; x86_64-w64-mingw32; 2024-04-04 01:00:03 UTC; windows",
      "directpkg": false,
      "license": "MIT + file LICENSE",
      "sha256": "63991d399f30c065a07d95cd7eb4d0e0c4cb515e33bdce4fbd3d51384afaeb2a",
      "filesize": 226873,
      "dep_types": ["Depends", "Imports", "LinkingTo"],
      "params": [],
      "install_args": "",
      "repotype": "cran",
      "sysreqs": ""
    },
    {
      "ref": "pillar",
      "package": "pillar",
      "version": "1.10.2",
      "type": "standard",
      "direct": false,
      "binary": true,
      "dependencies": ["cli", "glue", "lifecycle", "rlang", "utf8", "vctrs"],
      "vignettes": false,
      "needscompilation": false,
      "metadata": {
        "RemoteType": "standard",
        "RemotePkgRef": "pillar",
        "RemoteRef": "pillar",
        "RemoteRepos": "https://cran.rstudio.com/",
        "RemotePkgPlatform": "i386+x86_64-w64-mingw32",
        "RemoteSha": "1.10.2"
      },
      "sources": ["https://cran.rstudio.com//bin/windows/contrib/4.3/pillar_1.10.2.zip"],
      "target": "bin/windows/contrib/4.3/pillar_1.10.2.zip",
      "platform": "i386+x86_64-w64-mingw32",
      "rversion": "4.3",
      "built": "R 4.3.3; ; 2025-04-06 23:50:44 UTC; windows",
      "directpkg": false,
      "license": "MIT + file LICENSE",
      "sha256": "01b8dde95664a964347c495d3fed044b3746480ca987c855cab8265581cede4a",
      "filesize": 667321,
      "dep_types": ["Depends", "Imports", "LinkingTo"],
      "params": [],
      "install_args": "",
      "repotype": "cran",
      "sysreqs": ""
    },
    {
      "ref": "pkgconfig",
      "package": "pkgconfig",
      "version": "2.0.3",
      "type": "standard",
      "direct": false,
      "binary": true,
      "dependencies": [],
      "vignettes": false,
      "needscompilation": false,
      "metadata": {
        "RemoteType": "standard",
        "RemotePkgRef": "pkgconfig",
        "RemoteRef": "pkgconfig",
        "RemoteRepos": "https://cran.rstudio.com/",
        "RemotePkgPlatform": "i386+x86_64-w64-mingw32",
        "RemoteSha": "2.0.3"
      },
      "sources": ["https://cran.rstudio.com//bin/windows/contrib/4.3/pkgconfig_2.0.3.zip"],
      "target": "bin/windows/contrib/4.3/pkgconfig_2.0.3.zip",
      "platform": "i386+x86_64-w64-mingw32",
      "rversion": "4.3",
      "built": "R 4.3.3; ; 2024-04-04 01:00:05 UTC; windows",
      "directpkg": false,
      "license": "MIT + file LICENSE",
      "sha256": "627f74abad7cf667c0d9e246240db76fcc2a834a916a0f763fb5ea19904433c9",
      "filesize": 22439,
      "dep_types": ["Depends", "Imports", "LinkingTo"],
      "params": [],
      "install_args": "",
      "repotype": "cran",
      "sysreqs": ""
    },
    {
      "ref": "plyr",
      "package": "plyr",
      "version": "1.8.9",
      "type": "standard",
      "direct": false,
      "binary": true,
      "dependencies": ["Rcpp"],
      "vignettes": false,
      "needscompilation": false,
      "metadata": {
        "RemoteType": "standard",
        "RemotePkgRef": "plyr",
        "RemoteRef": "plyr",
        "RemoteRepos": "https://cran.rstudio.com/",
        "RemotePkgPlatform": "x86_64-w64-mingw32",
        "RemoteSha": "1.8.9"
      },
      "sources": ["https://cran.rstudio.com//bin/windows/contrib/4.3/plyr_1.8.9.zip"],
      "target": "bin/windows/contrib/4.3/plyr_1.8.9.zip",
      "platform": "x86_64-w64-mingw32",
      "rversion": "4.3",
      "built": "R 4.3.3; x86_64-w64-mingw32; 2024-04-04 01:36:15 UTC; windows",
      "directpkg": false,
      "license": "MIT + file LICENSE",
      "sha256": "449cc6c8a8508f553b5394f0bf64fc295971e0a31246935744f7e27fd00c3441",
      "filesize": 1163747,
      "dep_types": ["Depends", "Imports", "LinkingTo"],
      "params": [],
      "install_args": "",
      "repotype": "cran",
      "sysreqs": ""
    },
    {
      "ref": "reshape2",
      "package": "reshape2",
      "version": "1.4.4",
      "type": "standard",
      "direct": false,
      "binary": true,
      "dependencies": ["plyr", "Rcpp", "stringr"],
      "vignettes": false,
      "needscompilation": false,
      "metadata": {
        "RemoteType": "standard",
        "RemotePkgRef": "reshape2",
        "RemoteRef": "reshape2",
        "RemoteRepos": "https://cran.rstudio.com/",
        "RemotePkgPlatform": "x86_64-w64-mingw32",
        "RemoteSha": "1.4.4"
      },
      "sources": ["https://cran.rstudio.com//bin/windows/contrib/4.3/reshape2_1.4.4.zip"],
      "target": "bin/windows/contrib/4.3/reshape2_1.4.4.zip",
      "platform": "x86_64-w64-mingw32",
      "rversion": "4.3",
      "built": "R 4.3.3; x86_64-w64-mingw32; 2024-04-04 02:30:45 UTC; windows",
      "directpkg": false,
      "license": "MIT + file LICENSE",
      "sha256": "6fd62cd763a0c2eae92522b543762a990a592561b2d878a80da713ca7e23b67e",
      "filesize": 456001,
      "dep_types": ["Depends", "Imports", "LinkingTo"],
      "params": [],
      "install_args": "",
      "repotype": "cran",
      "sysreqs": ""
    },
    {
      "ref": "rlang",
      "package": "rlang",
      "version": "1.1.5",
      "type": "standard",
      "direct": false,
      "binary": true,
      "dependencies": [],
      "vignettes": false,
      "needscompilation": false,
      "metadata": {
        "RemoteType": "standard",
        "RemotePkgRef": "rlang",
        "RemoteRef": "rlang",
        "RemoteRepos": "https://cran.rstudio.com/",
        "RemotePkgPlatform": "x86_64-w64-mingw32",
        "RemoteSha": "1.1.5"
      },
      "sources": ["https://cran.rstudio.com//bin/windows/contrib/4.3/rlang_1.1.5.zip"],
      "target": "bin/windows/contrib/4.3/rlang_1.1.5.zip",
      "platform": "x86_64-w64-mingw32",
      "rversion": "4.3",
      "built": "R 4.3.3; x86_64-w64-mingw32; 2025-01-18 00:51:21 UTC; windows",
      "directpkg": false,
      "license": "MIT + file LICENSE",
      "sha256": "cbe902782c45e1f4324643f86d2bbe2c52670276eda6b4d83ef2131dc2c941ad",
      "filesize": 1584981,
      "dep_types": ["Depends", "Imports", "LinkingTo"],
      "params": [],
      "install_args": "",
      "repotype": "cran",
      "sysreqs": ""
    },
    {
      "ref": "statmod",
      "package": "statmod",
      "version": "1.5.0",
      "type": "standard",
      "direct": false,
      "binary": true,
      "dependencies": [],
      "vignettes": false,
      "needscompilation": false,
      "metadata": {
        "RemoteType": "standard",
        "RemotePkgRef": "statmod",
        "RemoteRef": "statmod",
        "RemoteRepos": "https://cran.rstudio.com/",
        "RemotePkgPlatform": "x86_64-w64-mingw32",
        "RemoteSha": "1.5.0"
      },
      "sources": ["https://cran.rstudio.com//bin/windows/contrib/4.3/statmod_1.5.0.zip"],
      "target": "bin/windows/contrib/4.3/statmod_1.5.0.zip",
      "platform": "x86_64-w64-mingw32",
      "rversion": "4.3",
      "built": "R 4.3.3; x86_64-w64-mingw32; 2024-04-04 01:00:57 UTC; windows",
      "directpkg": false,
      "license": "GPL-2 | GPL-3",
      "sha256": "f767bee721482d8adf080f1cac8cc739cd70fcb113336d2b414dc18698255551",
      "filesize": 316033,
      "dep_types": ["Depends", "Imports", "LinkingTo"],
      "params": [],
      "install_args": "",
      "repotype": "cran",
      "sysreqs": ""
    },
    {
      "ref": "stringi",
      "package": "stringi",
      "version": "1.8.7",
      "type": "standard",
      "direct": false,
      "binary": true,
      "dependencies": [],
      "vignettes": false,
      "needscompilation": false,
      "metadata": {
        "RemoteType": "standard",
        "RemotePkgRef": "stringi",
        "RemoteRef": "stringi",
        "RemoteRepos": "https://cran.rstudio.com/",
        "RemotePkgPlatform": "x86_64-w64-mingw32",
        "RemoteSha": "1.8.7"
      },
      "sources": ["https://cran.rstudio.com//bin/windows/contrib/4.3/stringi_1.8.7.zip"],
      "target": "bin/windows/contrib/4.3/stringi_1.8.7.zip",
      "platform": "x86_64-w64-mingw32",
      "rversion": "4.3",
      "built": "R 4.3.3; x86_64-w64-mingw32; 2025-03-28 00:51:11 UTC; windows",
      "directpkg": false,
      "license": "file LICENSE",
      "sha256": "0999e2f428ee3853cb7b4821c7c67204c3e5f66b75f7dbb84d2ced378cac093f",
      "filesize": 15002199,
      "dep_types": ["Depends", "Imports", "LinkingTo"],
      "params": [],
      "install_args": "",
      "repotype": "cran",
      "sysreqs": "ICU4C (>= 61, optional)"
    },
    {
      "ref": "stringr",
      "package": "stringr",
      "version": "1.5.1",
      "type": "standard",
      "direct": false,
      "binary": true,
      "dependencies": ["cli", "glue", "lifecycle", "magrittr", "rlang", "stringi", "vctrs"],
      "vignettes": false,
      "needscompilation": false,
      "metadata": {
        "RemoteType": "standard",
        "RemotePkgRef": "stringr",
        "RemoteRef": "stringr",
        "RemoteRepos": "https://cran.rstudio.com/",
        "RemotePkgPlatform": "i386+x86_64-w64-mingw32",
        "RemoteSha": "1.5.1"
      },
      "sources": ["https://cran.rstudio.com//bin/windows/contrib/4.3/stringr_1.5.1.zip"],
      "target": "bin/windows/contrib/4.3/stringr_1.5.1.zip",
      "platform": "i386+x86_64-w64-mingw32",
      "rversion": "4.3",
      "built": "R 4.3.3; ; 2024-04-04 02:19:28 UTC; windows",
      "directpkg": false,
      "license": "MIT + file LICENSE",
      "sha256": "15e62ab715413f21d0212d731100c44c83605ecf2a200138375b301a0d3aa9a1",
      "filesize": 318942,
      "dep_types": ["Depends", "Imports", "LinkingTo"],
      "params": [],
      "install_args": "",
      "repotype": "cran",
      "sysreqs": ""
    },
    {
      "ref": "tibble",
      "package": "tibble",
      "version": "3.2.1",
      "type": "standard",
      "direct": false,
      "binary": true,
      "dependencies": ["fansi", "lifecycle", "magrittr", "pillar", "pkgconfig", "rlang", "vctrs"],
      "vignettes": false,
      "needscompilation": false,
      "metadata": {
        "RemoteType": "standard",
        "RemotePkgRef": "tibble",
        "RemoteRef": "tibble",
        "RemoteRepos": "https://cran.rstudio.com/",
        "RemotePkgPlatform": "x86_64-w64-mingw32",
        "RemoteSha": "3.2.1"
      },
      "sources": ["https://cran.rstudio.com//bin/windows/contrib/4.3/tibble_3.2.1.zip"],
      "target": "bin/windows/contrib/4.3/tibble_3.2.1.zip",
      "platform": "x86_64-w64-mingw32",
      "rversion": "4.3",
      "built": "R 4.3.3; x86_64-w64-mingw32; 2024-04-04 02:30:44 UTC; windows",
      "directpkg": false,
      "license": "MIT + file LICENSE",
      "sha256": "75fcfde960d9dcf320873de14c0eb078c685f358961aa01afad06eabd7f0596d",
      "filesize": 690810,
      "dep_types": ["Depends", "Imports", "LinkingTo"],
      "params": [],
      "install_args": "",
      "repotype": "cran",
      "sysreqs": ""
    },
    {
      "ref": "tidyselect",
      "package": "tidyselect",
      "version": "1.2.1",
      "type": "standard",
      "direct": false,
      "binary": true,
      "dependencies": ["cli", "glue", "lifecycle", "rlang", "vctrs", "withr"],
      "vignettes": false,
      "needscompilation": false,
      "metadata": {
        "RemoteType": "standard",
        "RemotePkgRef": "tidyselect",
        "RemoteRef": "tidyselect",
        "RemoteRepos": "https://cran.rstudio.com/",
        "RemotePkgPlatform": "i386+x86_64-w64-mingw32",
        "RemoteSha": "1.2.1"
      },
      "sources": ["https://cran.rstudio.com//bin/windows/contrib/4.3/tidyselect_1.2.1.zip"],
      "target": "bin/windows/contrib/4.3/tidyselect_1.2.1.zip",
      "platform": "i386+x86_64-w64-mingw32",
      "rversion": "4.3",
      "built": "R 4.3.3; ; 2024-04-04 02:19:28 UTC; windows",
      "directpkg": false,
      "license": "MIT + file LICENSE",
      "sha256": "f8feb1a53c47c5a0550787dc893ab7b922e59e2250fbebb73c4a10c8f1fef2b7",
      "filesize": 225042,
      "dep_types": ["Depends", "Imports", "LinkingTo"],
      "params": [],
      "install_args": "",
      "repotype": "cran",
      "sysreqs": ""
    },
    {
      "ref": "utf8",
      "package": "utf8",
      "version": "1.2.4",
      "type": "standard",
      "direct": false,
      "binary": true,
      "dependencies": [],
      "vignettes": false,
      "needscompilation": false,
      "metadata": {
        "RemoteType": "standard",
        "RemotePkgRef": "utf8",
        "RemoteRef": "utf8",
        "RemoteRepos": "https://cran.rstudio.com/",
        "RemotePkgPlatform": "x86_64-w64-mingw32",
        "RemoteSha": "1.2.4"
      },
      "sources": ["https://cran.rstudio.com//bin/windows/contrib/4.3/utf8_1.2.4.zip"],
      "target": "bin/windows/contrib/4.3/utf8_1.2.4.zip",
      "platform": "x86_64-w64-mingw32",
      "rversion": "4.3",
      "built": "R 4.3.3; x86_64-w64-mingw32; 2024-04-04 01:00:05 UTC; windows",
      "directpkg": false,
      "license": "Apache License (== 2.0) | file LICENSE",
      "sha256": "9d6f008fbb9b917895127d1b5c4cb1e90a72c4796dfd8e06576588ff9808ca01",
      "filesize": 149788,
      "dep_types": ["Depends", "Imports", "LinkingTo"],
      "params": [],
      "install_args": "",
      "repotype": "cran",
      "sysreqs": ""
    },
    {
      "ref": "vctrs",
      "package": "vctrs",
      "version": "0.6.5",
      "type": "standard",
      "direct": false,
      "binary": true,
      "dependencies": ["cli", "glue", "lifecycle", "rlang"],
      "vignettes": false,
      "needscompilation": false,
      "metadata": {
        "RemoteType": "standard",
        "RemotePkgRef": "vctrs",
        "RemoteRef": "vctrs",
        "RemoteRepos": "https://cran.rstudio.com/",
        "RemotePkgPlatform": "x86_64-w64-mingw32",
        "RemoteSha": "0.6.5"
      },
      "sources": ["https://cran.rstudio.com//bin/windows/contrib/4.3/vctrs_0.6.5.zip"],
      "target": "bin/windows/contrib/4.3/vctrs_0.6.5.zip",
      "platform": "x86_64-w64-mingw32",
      "rversion": "4.3",
      "built": "R 4.3.3; x86_64-w64-mingw32; 2024-04-04 01:57:40 UTC; windows",
      "directpkg": false,
      "license": "MIT + file LICENSE",
      "sha256": "3a73271968c629713ebecc57a443a3d4f9c0f1a942c005578487ff03adb4bbdc",
      "filesize": 1336594,
      "dep_types": ["Depends", "Imports", "LinkingTo"],
      "params": [],
      "install_args": "",
      "repotype": "cran",
      "sysreqs": ""
    },
    {
      "ref": "withr",
      "package": "withr",
      "version": "3.0.2",
      "type": "standard",
      "direct": false,
      "binary": true,
      "dependencies": [],
      "vignettes": false,
      "needscompilation": false,
      "metadata": {
        "RemoteType": "standard",
        "RemotePkgRef": "withr",
        "RemoteRef": "withr",
        "RemoteRepos": "https://cran.rstudio.com/",
        "RemotePkgPlatform": "i386+x86_64-w64-mingw32",
        "RemoteSha": "3.0.2"
      },
      "sources": ["https://cran.rstudio.com//bin/windows/contrib/4.3/withr_3.0.2.zip"],
      "target": "bin/windows/contrib/4.3/withr_3.0.2.zip",
      "platform": "i386+x86_64-w64-mingw32",
      "rversion": "4.3",
      "built": "R 4.3.3; ; 2024-10-30 00:50:49 UTC; windows",
      "directpkg": false,
      "license": "MIT + file LICENSE",
      "sha256": "22d6c5e6b58fb87dc843654230c424084d14fdb5089b7ad50b903a4d7436ba8a",
      "filesize": 228258,
      "dep_types": ["Depends", "Imports", "LinkingTo"],
      "params": [],
      "install_args": "",
      "repotype": "cran",
      "sysreqs": ""
    },
    {
      "ref": "mrc-ide/dust2",
      "package": "dust2",
      "version": "0.3.28",
      "type": "github",
      "direct": false,
      "binary": false,
      "dependencies": ["cli", "monty", "rlang", "cpp11"],
      "vignettes": false,
      "needscompilation": true,
      "metadata": {
        "RemoteType": "github",
        "RemoteHost": "api.github.com",
        "RemoteRepo": "dust2",
        "RemoteUsername": "mrc-ide",
        "RemotePkgRef": "mrc-ide/dust2",
        "RemoteRef": "HEAD",
        "RemoteSha": "83721f78fda9b4124e1cda3ae24e3f2da82ca2d0",
        "GithubRepo": "dust2",
        "GithubUsername": "mrc-ide",
        "GithubRef": "HEAD",
        "GithubSHA1": "83721f78fda9b4124e1cda3ae24e3f2da82ca2d0"
      },
      "sources": ["https://api.github.com/repos/mrc-ide/dust2/zipball/83721f78fda9b4124e1cda3ae24e3f2da82ca2d0"],
      "target": "src/contrib/dust2_0.3.28_83721f7.tar.gz",
      "platform": "source",
      "rversion": "*",
      "directpkg": false,
      "license": "MIT + file LICENSE",
      "dep_types": ["Depends", "Imports", "LinkingTo"],
      "params": [],
      "install_args": "--no-multiarch",
      "sysreqs": ""
    },
    {
      "ref": "mrc-ide/monty",
      "package": "monty",
      "version": "0.4.11",
      "type": "github",
      "direct": false,
      "binary": false,
      "dependencies": ["cli", "rlang", "cpp11"],
      "vignettes": false,
      "needscompilation": true,
      "metadata": {
        "RemoteType": "github",
        "RemoteHost": "api.github.com",
        "RemoteRepo": "monty",
        "RemoteUsername": "mrc-ide",
        "RemotePkgRef": "mrc-ide/monty",
        "RemoteRef": "HEAD",
        "RemoteSha": "72b1fbe7fd3c37a44f1930c8c2bf3c2603c63616",
        "GithubRepo": "monty",
        "GithubUsername": "mrc-ide",
        "GithubRef": "HEAD",
        "GithubSHA1": "72b1fbe7fd3c37a44f1930c8c2bf3c2603c63616"
      },
      "sources": ["https://api.github.com/repos/mrc-ide/monty/zipball/72b1fbe7fd3c37a44f1930c8c2bf3c2603c63616"],
      "target": "src/contrib/monty_0.4.11_72b1fbe.tar.gz",
      "platform": "source",
      "rversion": "*",
      "directpkg": false,
      "license": "MIT + file LICENSE",
      "dep_types": ["Depends", "Imports", "LinkingTo"],
      "params": [],
      "install_args": "--no-multiarch",
      "sysreqs": ""
    }
  ]
}
